
Microsoft Visual Studio Solution File, Format Version 12.00
# Visual Studio Version 17
VisualStudioVersion = 17.14.36623.8
MinimumVisualStudioVersion = 10.0.40219.1
Project("{2150E333-8FDC-42A3-9474-1A3956D46DE8}") = "Services", "Services", "{02EA681E-C7D8-13C7-8484-4AC65E1B71E8}"
EndProject
Project("{2150E333-8FDC-42A3-9474-1A3956D46DE8}") = "Catalog", "Catalog", "{1F80165F-C6F8-431A-AF55-CE73D855DE14}"
EndProject
Project("{FAE04EC0-301F-11D3-BF4B-00C04F79EFBC}") = "MultiShop.Catalog", "..\Services\Catalog\MultiShop.Catalog\MultiShop.Catalog.csproj", "{A96FCD34-18AE-456A-B80F-D20D1796BB4F}"
EndProject
Project("{2150E333-8FDC-42A3-9474-1A3956D46DE8}") = "Discount", "Discount", "{4F6615EA-D359-4F0F-B34D-31CADC3E57D4}"
EndProject
Project("{FAE04EC0-301F-11D3-BF4B-00C04F79EFBC}") = "MultiShop.Discount", "..\Services\Discount\MultiShop.Discount\MultiShop.Discount.csproj", "{F7A9E13A-B1CE-4457-89A9-252AFC16C114}"
EndProject
Project("{2150E333-8FDC-42A3-9474-1A3956D46DE8}") = "Order", "Order", "{A9C7B12C-94F2-4D3F-B4AD-55C7AA39E867}"
EndProject
Project("{FAE04EC0-301F-11D3-BF4B-00C04F79EFBC}") = "MultiShop.Order.Domain", "..\Services\Order\Core\MultiShop.Order.Domain\MultiShop.Order.Domain.csproj", "{E769BB5C-0122-291F-CFB1-A5E9E7C45272}"
EndProject
Project("{FAE04EC0-301F-11D3-BF4B-00C04F79EFBC}") = "MultiShop.Order.Application", "..\Services\Order\Core\MultiShop.Order.Application\MultiShop.Order.Application.csproj", "{1FF025CA-887C-FA0D-8972-77873FCD544E}"
EndProject
Project("{FAE04EC0-301F-11D3-BF4B-00C04F79EFBC}") = "MultiShop.Order.Persistence", "..\Services\Order\Infrastructure\MultiShop.Order.Persistence\MultiShop.Order.Persistence.csproj", "{A2F8A507-E376-CDD9-7D03-C48725376657}"
EndProject
Project("{FAE04EC0-301F-11D3-BF4B-00C04F79EFBC}") = "MultiShop.Order.WebApi", "..\Services\Order\Presentation\MultiShop.Order.WebApi\MultiShop.Order.WebApi.csproj", "{2D5B373C-5C5E-2D1B-EF22-1F8B4078B001}"
EndProject
Project("{2150E333-8FDC-42A3-9474-1A3956D46DE8}") = "Core", "Core", "{4EEB3C1E-D0C7-4DFE-BAE7-E375D7F7148F}"
EndProject
Project("{2150E333-8FDC-42A3-9474-1A3956D46DE8}") = "Infrastructure", "Infrastructure", "{BFD9B4ED-F2AA-4593-9A51-BC1900A188B5}"
EndProject
Project("{2150E333-8FDC-42A3-9474-1A3956D46DE8}") = "Presentation", "Presentation", "{1859208B-CD7B-44CD-8731-778788FE3672}"
EndProject
Project("{2150E333-8FDC-42A3-9474-1A3956D46DE8}") = "IdentityServer", "IdentityServer", "{899F51BF-04EB-4FC3-8474-16357FAC443C}"
EndProject
Project("{FAE04EC0-301F-11D3-BF4B-00C04F79EFBC}") = "MultiShop.IdentityServer", "IdentityServer\MultiShop.IdentityServer\MultiShop.IdentityServer.csproj", "{EA14094F-FB55-5ABC-1402-B4229C4AD0B1}"
EndProject
Project("{2150E333-8FDC-42A3-9474-1A3956D46DE8}") = "Requirements", "Requirements", "{5AD08D69-3650-4941-BFA6-24F185D39376}"
	ProjectSection(SolutionItems) = preProject
		IdentityServerVersionErrorSolution.txt = IdentityServerVersionErrorSolution.txt
		PortainerCmd.txt = PortainerCmd.txt
	EndProjectSection
EndProject
Project("{2150E333-8FDC-42A3-9474-1A3956D46DE8}") = "Cargo", "Cargo", "{B36F9B2E-4762-4344-A354-7322EA36E5C6}"
EndProject
Project("{FAE04EC0-301F-11D3-BF4B-00C04F79EFBC}") = "MultiShop.Cargo.EntityLayer", "..\Services\Cargo\MultiShop.Cargo.EntityLayer\MultiShop.Cargo.EntityLayer.csproj", "{B3FC58A8-C71F-48BF-8421-96B128374439}"
EndProject
Project("{FAE04EC0-301F-11D3-BF4B-00C04F79EFBC}") = "MultiShop.Cargo.BusinessLayer", "..\Services\Cargo\MultiShop.Cargo.BusinessLayer\MultiShop.Cargo.BusinessLayer.csproj", "{5B28D41A-7952-4A97-A3A5-636ACA25AF93}"
EndProject
Project("{FAE04EC0-301F-11D3-BF4B-00C04F79EFBC}") = "MultiShop.Cargo.DataAccessLayer", "..\Services\Cargo\MultiShop.Cargo.DataAccessLayer\MultiShop.Cargo.DataAccessLayer.csproj", "{66FD8CC0-E921-4DA7-8B0B-516BAC5F960F}"
EndProject
Project("{FAE04EC0-301F-11D3-BF4B-00C04F79EFBC}") = "MultiShop.Cargo.DtoLayer", "..\Services\Cargo\MultiShop.Cargo.DtoLayer\MultiShop.Cargo.DtoLayer.csproj", "{42C21103-A989-4455-BBEB-8FF70D9381CD}"
EndProject
Project("{FAE04EC0-301F-11D3-BF4B-00C04F79EFBC}") = "MultiShop.Cargo.WebApi", "..\Services\Cargo\MultiShop.Cargo.WebApi\MultiShop.Cargo.WebApi.csproj", "{ECE2BEF3-FBF0-4570-B1C7-57E38D804805}"
EndProject
Project("{2150E333-8FDC-42A3-9474-1A3956D46DE8}") = "Basket", "Basket", "{3D4C01DA-606F-40C9-B53E-8D0435B99F1E}"
EndProject
Project("{FAE04EC0-301F-11D3-BF4B-00C04F79EFBC}") = "MultiShop.Basket", "..\Services\Basket\MultiShop.Basket\MultiShop.Basket.csproj", "{D1D7684D-35AA-41B2-A4BF-C6BB3A466B16}"
EndProject
Project("{2150E333-8FDC-42A3-9474-1A3956D46DE8}") = "Frontends", "Frontends", "{FA52313D-6D85-490F-A7C0-7BB9FE8D35E0}"
EndProject
Project("{FAE04EC0-301F-11D3-BF4B-00C04F79EFBC}") = "MultiShop.WebUI", "..\Frontends\MultiShop.WebUI\MultiShop.WebUI.csproj", "{AEC6AD34-C07F-4BFB-B728-404E7E7E201F}"
EndProject
Global
	GlobalSection(SolutionConfigurationPlatforms) = preSolution
		Debug|Any CPU = Debug|Any CPU
		Debug|x64 = Debug|x64
		Debug|x86 = Debug|x86
		Release|Any CPU = Release|Any CPU
		Release|x64 = Release|x64
		Release|x86 = Release|x86
	EndGlobalSection
	GlobalSection(ProjectConfigurationPlatforms) = postSolution
		{A96FCD34-18AE-456A-B80F-D20D1796BB4F}.Debug|Any CPU.ActiveCfg = Debug|Any CPU
		{A96FCD34-18AE-456A-B80F-D20D1796BB4F}.Debug|Any CPU.Build.0 = Debug|Any CPU
		{A96FCD34-18AE-456A-B80F-D20D1796BB4F}.Debug|x64.ActiveCfg = Debug|Any CPU
		{A96FCD34-18AE-456A-B80F-D20D1796BB4F}.Debug|x64.Build.0 = Debug|Any CPU
		{A96FCD34-18AE-456A-B80F-D20D1796BB4F}.Debug|x86.ActiveCfg = Debug|Any CPU
		{A96FCD34-18AE-456A-B80F-D20D1796BB4F}.Debug|x86.Build.0 = Debug|Any CPU
		{A96FCD34-18AE-456A-B80F-D20D1796BB4F}.Release|Any CPU.ActiveCfg = Release|Any CPU
		{A96FCD34-18AE-456A-B80F-D20D1796BB4F}.Release|Any CPU.Build.0 = Release|Any CPU
		{A96FCD34-18AE-456A-B80F-D20D1796BB4F}.Release|x64.ActiveCfg = Release|Any CPU
		{A96FCD34-18AE-456A-B80F-D20D1796BB4F}.Release|x64.Build.0 = Release|Any CPU
		{A96FCD34-18AE-456A-B80F-D20D1796BB4F}.Release|x86.ActiveCfg = Release|Any CPU
		{A96FCD34-18AE-456A-B80F-D20D1796BB4F}.Release|x86.Build.0 = Release|Any CPU
		{F7A9E13A-B1CE-4457-89A9-252AFC16C114}.Debug|Any CPU.ActiveCfg = Debug|Any CPU
		{F7A9E13A-B1CE-4457-89A9-252AFC16C114}.Debug|Any CPU.Build.0 = Debug|Any CPU
		{F7A9E13A-B1CE-4457-89A9-252AFC16C114}.Debug|x64.ActiveCfg = Debug|Any CPU
		{F7A9E13A-B1CE-4457-89A9-252AFC16C114}.Debug|x64.Build.0 = Debug|Any CPU
		{F7A9E13A-B1CE-4457-89A9-252AFC16C114}.Debug|x86.ActiveCfg = Debug|Any CPU
		{F7A9E13A-B1CE-4457-89A9-252AFC16C114}.Debug|x86.Build.0 = Debug|Any CPU
		{F7A9E13A-B1CE-4457-89A9-252AFC16C114}.Release|Any CPU.ActiveCfg = Release|Any CPU
		{F7A9E13A-B1CE-4457-89A9-252AFC16C114}.Release|Any CPU.Build.0 = Release|Any CPU
		{F7A9E13A-B1CE-4457-89A9-252AFC16C114}.Release|x64.ActiveCfg = Release|Any CPU
		{F7A9E13A-B1CE-4457-89A9-252AFC16C114}.Release|x64.Build.0 = Release|Any CPU
		{F7A9E13A-B1CE-4457-89A9-252AFC16C114}.Release|x86.ActiveCfg = Release|Any CPU
		{F7A9E13A-B1CE-4457-89A9-252AFC16C114}.Release|x86.Build.0 = Release|Any CPU
		{E769BB5C-0122-291F-CFB1-A5E9E7C45272}.Debug|Any CPU.ActiveCfg = Debug|Any CPU
		{E769BB5C-0122-291F-CFB1-A5E9E7C45272}.Debug|Any CPU.Build.0 = Debug|Any CPU
		{E769BB5C-0122-291F-CFB1-A5E9E7C45272}.Debug|x64.ActiveCfg = Debug|Any CPU
		{E769BB5C-0122-291F-CFB1-A5E9E7C45272}.Debug|x64.Build.0 = Debug|Any CPU
		{E769BB5C-0122-291F-CFB1-A5E9E7C45272}.Debug|x86.ActiveCfg = Debug|Any CPU
		{E769BB5C-0122-291F-CFB1-A5E9E7C45272}.Debug|x86.Build.0 = Debug|Any CPU
		{E769BB5C-0122-291F-CFB1-A5E9E7C45272}.Release|Any CPU.ActiveCfg = Release|Any CPU
		{E769BB5C-0122-291F-CFB1-A5E9E7C45272}.Release|Any CPU.Build.0 = Release|Any CPU
		{E769BB5C-0122-291F-CFB1-A5E9E7C45272}.Release|x64.ActiveCfg = Release|Any CPU
		{E769BB5C-0122-291F-CFB1-A5E9E7C45272}.Release|x64.Build.0 = Release|Any CPU
		{E769BB5C-0122-291F-CFB1-A5E9E7C45272}.Release|x86.ActiveCfg = Release|Any CPU
		{E769BB5C-0122-291F-CFB1-A5E9E7C45272}.Release|x86.Build.0 = Release|Any CPU
		{1FF025CA-887C-FA0D-8972-77873FCD544E}.Debug|Any CPU.ActiveCfg = Debug|Any CPU
		{1FF025CA-887C-FA0D-8972-77873FCD544E}.Debug|Any CPU.Build.0 = Debug|Any CPU
		{1FF025CA-887C-FA0D-8972-77873FCD544E}.Debug|x64.ActiveCfg = Debug|Any CPU
		{1FF025CA-887C-FA0D-8972-77873FCD544E}.Debug|x64.Build.0 = Debug|Any CPU
		{1FF025CA-887C-FA0D-8972-77873FCD544E}.Debug|x86.ActiveCfg = Debug|Any CPU
		{1FF025CA-887C-FA0D-8972-77873FCD544E}.Debug|x86.Build.0 = Debug|Any CPU
		{1FF025CA-887C-FA0D-8972-77873FCD544E}.Release|Any CPU.ActiveCfg = Release|Any CPU
		{1FF025CA-887C-FA0D-8972-77873FCD544E}.Release|Any CPU.Build.0 = Release|Any CPU
		{1FF025CA-887C-FA0D-8972-77873FCD544E}.Release|x64.ActiveCfg = Release|Any CPU
		{1FF025CA-887C-FA0D-8972-77873FCD544E}.Release|x64.Build.0 = Release|Any CPU
		{1FF025CA-887C-FA0D-8972-77873FCD544E}.Release|x86.ActiveCfg = Release|Any CPU
		{1FF025CA-887C-FA0D-8972-77873FCD544E}.Release|x86.Build.0 = Release|Any CPU
		{A2F8A507-E376-CDD9-7D03-C48725376657}.Debug|Any CPU.ActiveCfg = Debug|Any CPU
		{A2F8A507-E376-CDD9-7D03-C48725376657}.Debug|Any CPU.Build.0 = Debug|Any CPU
		{A2F8A507-E376-CDD9-7D03-C48725376657}.Debug|x64.ActiveCfg = Debug|Any CPU
		{A2F8A507-E376-CDD9-7D03-C48725376657}.Debug|x64.Build.0 = Debug|Any CPU
		{A2F8A507-E376-CDD9-7D03-C48725376657}.Debug|x86.ActiveCfg = Debug|Any CPU
		{A2F8A507-E376-CDD9-7D03-C48725376657}.Debug|x86.Build.0 = Debug|Any CPU
		{A2F8A507-E376-CDD9-7D03-C48725376657}.Release|Any CPU.ActiveCfg = Release|Any CPU
		{A2F8A507-E376-CDD9-7D03-C48725376657}.Release|Any CPU.Build.0 = Release|Any CPU
		{A2F8A507-E376-CDD9-7D03-C48725376657}.Release|x64.ActiveCfg = Release|Any CPU
		{A2F8A507-E376-CDD9-7D03-C48725376657}.Release|x64.Build.0 = Release|Any CPU
		{A2F8A507-E376-CDD9-7D03-C48725376657}.Release|x86.ActiveCfg = Release|Any CPU
		{A2F8A507-E376-CDD9-7D03-C48725376657}.Release|x86.Build.0 = Release|Any CPU
		{2D5B373C-5C5E-2D1B-EF22-1F8B4078B001}.Debug|Any CPU.ActiveCfg = Debug|Any CPU
		{2D5B373C-5C5E-2D1B-EF22-1F8B4078B001}.Debug|Any CPU.Build.0 = Debug|Any CPU
		{2D5B373C-5C5E-2D1B-EF22-1F8B4078B001}.Debug|x64.ActiveCfg = Debug|Any CPU
		{2D5B373C-5C5E-2D1B-EF22-1F8B4078B001}.Debug|x64.Build.0 = Debug|Any CPU
		{2D5B373C-5C5E-2D1B-EF22-1F8B4078B001}.Debug|x86.ActiveCfg = Debug|Any CPU
		{2D5B373C-5C5E-2D1B-EF22-1F8B4078B001}.Debug|x86.Build.0 = Debug|Any CPU
		{2D5B373C-5C5E-2D1B-EF22-1F8B4078B001}.Release|Any CPU.ActiveCfg = Release|Any CPU
		{2D5B373C-5C5E-2D1B-EF22-1F8B4078B001}.Release|Any CPU.Build.0 = Release|Any CPU
		{2D5B373C-5C5E-2D1B-EF22-1F8B4078B001}.Release|x64.ActiveCfg = Release|Any CPU
		{2D5B373C-5C5E-2D1B-EF22-1F8B4078B001}.Release|x64.Build.0 = Release|Any CPU
		{2D5B373C-5C5E-2D1B-EF22-1F8B4078B001}.Release|x86.ActiveCfg = Release|Any CPU
		{2D5B373C-5C5E-2D1B-EF22-1F8B4078B001}.Release|x86.Build.0 = Release|Any CPU
		{EA14094F-FB55-5ABC-1402-B4229C4AD0B1}.Debug|Any CPU.ActiveCfg = Debug|Any CPU
		{EA14094F-FB55-5ABC-1402-B4229C4AD0B1}.Debug|Any CPU.Build.0 = Debug|Any CPU
		{EA14094F-FB55-5ABC-1402-B4229C4AD0B1}.Debug|x64.ActiveCfg = Debug|Any CPU
		{EA14094F-FB55-5ABC-1402-B4229C4AD0B1}.Debug|x64.Build.0 = Debug|Any CPU
		{EA14094F-FB55-5ABC-1402-B4229C4AD0B1}.Debug|x86.ActiveCfg = Debug|Any CPU
		{EA14094F-FB55-5ABC-1402-B4229C4AD0B1}.Debug|x86.Build.0 = Debug|Any CPU
		{EA14094F-FB55-5ABC-1402-B4229C4AD0B1}.Release|Any CPU.ActiveCfg = Release|Any CPU
		{EA14094F-FB55-5ABC-1402-B4229C4AD0B1}.Release|Any CPU.Build.0 = Release|Any CPU
		{EA14094F-FB55-5ABC-1402-B4229C4AD0B1}.Release|x64.ActiveCfg = Release|Any CPU
		{EA14094F-FB55-5ABC-1402-B4229C4AD0B1}.Release|x64.Build.0 = Release|Any CPU
		{EA14094F-FB55-5ABC-1402-B4229C4AD0B1}.Release|x86.ActiveCfg = Release|Any CPU
		{EA14094F-FB55-5ABC-1402-B4229C4AD0B1}.Release|x86.Build.0 = Release|Any CPU
		{B3FC58A8-C71F-48BF-8421-96B128374439}.Debug|Any CPU.ActiveCfg = Debug|Any CPU
		{B3FC58A8-C71F-48BF-8421-96B128374439}.Debug|Any CPU.Build.0 = Debug|Any CPU
		{B3FC58A8-C71F-48BF-8421-96B128374439}.Debug|x64.ActiveCfg = Debug|Any CPU
		{B3FC58A8-C71F-48BF-8421-96B128374439}.Debug|x64.Build.0 = Debug|Any CPU
		{B3FC58A8-C71F-48BF-8421-96B128374439}.Debug|x86.ActiveCfg = Debug|Any CPU
		{B3FC58A8-C71F-48BF-8421-96B128374439}.Debug|x86.Build.0 = Debug|Any CPU
		{B3FC58A8-C71F-48BF-8421-96B128374439}.Release|Any CPU.ActiveCfg = Release|Any CPU
		{B3FC58A8-C71F-48BF-8421-96B128374439}.Release|Any CPU.Build.0 = Release|Any CPU
		{B3FC58A8-C71F-48BF-8421-96B128374439}.Release|x64.ActiveCfg = Release|Any CPU
		{B3FC58A8-C71F-48BF-8421-96B128374439}.Release|x64.Build.0 = Release|Any CPU
		{B3FC58A8-C71F-48BF-8421-96B128374439}.Release|x86.ActiveCfg = Release|Any CPU
		{B3FC58A8-C71F-48BF-8421-96B128374439}.Release|x86.Build.0 = Release|Any CPU
		{5B28D41A-7952-4A97-A3A5-636ACA25AF93}.Debug|Any CPU.ActiveCfg = Debug|Any CPU
		{5B28D41A-7952-4A97-A3A5-636ACA25AF93}.Debug|Any CPU.Build.0 = Debug|Any CPU
		{5B28D41A-7952-4A97-A3A5-636ACA25AF93}.Debug|x64.ActiveCfg = Debug|Any CPU
		{5B28D41A-7952-4A97-A3A5-636ACA25AF93}.Debug|x64.Build.0 = Debug|Any CPU
		{5B28D41A-7952-4A97-A3A5-636ACA25AF93}.Debug|x86.ActiveCfg = Debug|Any CPU
		{5B28D41A-7952-4A97-A3A5-636ACA25AF93}.Debug|x86.Build.0 = Debug|Any CPU
		{5B28D41A-7952-4A97-A3A5-636ACA25AF93}.Release|Any CPU.ActiveCfg = Release|Any CPU
		{5B28D41A-7952-4A97-A3A5-636ACA25AF93}.Release|Any CPU.Build.0 = Release|Any CPU
		{5B28D41A-7952-4A97-A3A5-636ACA25AF93}.Release|x64.ActiveCfg = Release|Any CPU
		{5B28D41A-7952-4A97-A3A5-636ACA25AF93}.Release|x64.Build.0 = Release|Any CPU
		{5B28D41A-7952-4A97-A3A5-636ACA25AF93}.Release|x86.ActiveCfg = Release|Any CPU
		{5B28D41A-7952-4A97-A3A5-636ACA25AF93}.Release|x86.Build.0 = Release|Any CPU
		{66FD8CC0-E921-4DA7-8B0B-516BAC5F960F}.Debug|Any CPU.ActiveCfg = Debug|Any CPU
		{66FD8CC0-E921-4DA7-8B0B-516BAC5F960F}.Debug|Any CPU.Build.0 = Debug|Any CPU
		{66FD8CC0-E921-4DA7-8B0B-516BAC5F960F}.Debug|x64.ActiveCfg = Debug|Any CPU
		{66FD8CC0-E921-4DA7-8B0B-516BAC5F960F}.Debug|x64.Build.0 = Debug|Any CPU
		{66FD8CC0-E921-4DA7-8B0B-516BAC5F960F}.Debug|x86.ActiveCfg = Debug|Any CPU
		{66FD8CC0-E921-4DA7-8B0B-516BAC5F960F}.Debug|x86.Build.0 = Debug|Any CPU
		{66FD8CC0-E921-4DA7-8B0B-516BAC5F960F}.Release|Any CPU.ActiveCfg = Release|Any CPU
		{66FD8CC0-E921-4DA7-8B0B-516BAC5F960F}.Release|Any CPU.Build.0 = Release|Any CPU
		{66FD8CC0-E921-4DA7-8B0B-516BAC5F960F}.Release|x64.ActiveCfg = Release|Any CPU
		{66FD8CC0-E921-4DA7-8B0B-516BAC5F960F}.Release|x64.Build.0 = Release|Any CPU
		{66FD8CC0-E921-4DA7-8B0B-516BAC5F960F}.Release|x86.ActiveCfg = Release|Any CPU
		{66FD8CC0-E921-4DA7-8B0B-516BAC5F960F}.Release|x86.Build.0 = Release|Any CPU
		{42C21103-A989-4455-BBEB-8FF70D9381CD}.Debug|Any CPU.ActiveCfg = Debug|Any CPU
		{42C21103-A989-4455-BBEB-8FF70D9381CD}.Debug|Any CPU.Build.0 = Debug|Any CPU
		{42C21103-A989-4455-BBEB-8FF70D9381CD}.Debug|x64.ActiveCfg = Debug|Any CPU
		{42C21103-A989-4455-BBEB-8FF70D9381CD}.Debug|x64.Build.0 = Debug|Any CPU
		{42C21103-A989-4455-BBEB-8FF70D9381CD}.Debug|x86.ActiveCfg = Debug|Any CPU
		{42C21103-A989-4455-BBEB-8FF70D9381CD}.Debug|x86.Build.0 = Debug|Any CPU
		{42C21103-A989-4455-BBEB-8FF70D9381CD}.Release|Any CPU.ActiveCfg = Release|Any CPU
		{42C21103-A989-4455-BBEB-8FF70D9381CD}.Release|Any CPU.Build.0 = Release|Any CPU
		{42C21103-A989-4455-BBEB-8FF70D9381CD}.Release|x64.ActiveCfg = Release|Any CPU
		{42C21103-A989-4455-BBEB-8FF70D9381CD}.Release|x64.Build.0 = Release|Any CPU
		{42C21103-A989-4455-BBEB-8FF70D9381CD}.Release|x86.ActiveCfg = Release|Any CPU
		{42C21103-A989-4455-BBEB-8FF70D9381CD}.Release|x86.Build.0 = Release|Any CPU
		{ECE2BEF3-FBF0-4570-B1C7-57E38D804805}.Debug|Any CPU.ActiveCfg = Debug|Any CPU
		{ECE2BEF3-FBF0-4570-B1C7-57E38D804805}.Debug|Any CPU.Build.0 = Debug|Any CPU
		{ECE2BEF3-FBF0-4570-B1C7-57E38D804805}.Debug|x64.ActiveCfg = Debug|Any CPU
		{ECE2BEF3-FBF0-4570-B1C7-57E38D804805}.Debug|x64.Build.0 = Debug|Any CPU
		{ECE2BEF3-FBF0-4570-B1C7-57E38D804805}.Debug|x86.ActiveCfg = Debug|Any CPU
		{ECE2BEF3-FBF0-4570-B1C7-57E38D804805}.Debug|x86.Build.0 = Debug|Any CPU
		{ECE2BEF3-FBF0-4570-B1C7-57E38D804805}.Release|Any CPU.ActiveCfg = Release|Any CPU
		{ECE2BEF3-FBF0-4570-B1C7-57E38D804805}.Release|Any CPU.Build.0 = Release|Any CPU
		{ECE2BEF3-FBF0-4570-B1C7-57E38D804805}.Release|x64.ActiveCfg = Release|Any CPU
		{ECE2BEF3-FBF0-4570-B1C7-57E38D804805}.Release|x64.Build.0 = Release|Any CPU
		{ECE2BEF3-FBF0-4570-B1C7-57E38D804805}.Release|x86.ActiveCfg = Release|Any CPU
		{ECE2BEF3-FBF0-4570-B1C7-57E38D804805}.Release|x86.Build.0 = Release|Any CPU
		{D1D7684D-35AA-41B2-A4BF-C6BB3A466B16}.Debug|Any CPU.ActiveCfg = Debug|Any CPU
		{D1D7684D-35AA-41B2-A4BF-C6BB3A466B16}.Debug|Any CPU.Build.0 = Debug|Any CPU
		{D1D7684D-35AA-41B2-A4BF-C6BB3A466B16}.Debug|x64.ActiveCfg = Debug|Any CPU
		{D1D7684D-35AA-41B2-A4BF-C6BB3A466B16}.Debug|x64.Build.0 = Debug|Any CPU
		{D1D7684D-35AA-41B2-A4BF-C6BB3A466B16}.Debug|x86.ActiveCfg = Debug|Any CPU
		{D1D7684D-35AA-41B2-A4BF-C6BB3A466B16}.Debug|x86.Build.0 = Debug|Any CPU
		{D1D7684D-35AA-41B2-A4BF-C6BB3A466B16}.Release|Any CPU.ActiveCfg = Release|Any CPU
		{D1D7684D-35AA-41B2-A4BF-C6BB3A466B16}.Release|Any CPU.Build.0 = Release|Any CPU
		{D1D7684D-35AA-41B2-A4BF-C6BB3A466B16}.Release|x64.ActiveCfg = Release|Any CPU
		{D1D7684D-35AA-41B2-A4BF-C6BB3A466B16}.Release|x64.Build.0 = Release|Any CPU
		{D1D7684D-35AA-41B2-A4BF-C6BB3A466B16}.Release|x86.ActiveCfg = Release|Any CPU
		{D1D7684D-35AA-41B2-A4BF-C6BB3A466B16}.Release|x86.Build.0 = Release|Any CPU
		{AEC6AD34-C07F-4BFB-B728-404E7E7E201F}.Debug|Any CPU.ActiveCfg = Debug|Any CPU
		{AEC6AD34-C07F-4BFB-B728-404E7E7E201F}.Debug|Any CPU.Build.0 = Debug|Any CPU
		{AEC6AD34-C07F-4BFB-B728-404E7E7E201F}.Debug|x64.ActiveCfg = Debug|Any CPU
		{AEC6AD34-C07F-4BFB-B728-404E7E7E201F}.Debug|x64.Build.0 = Debug|Any CPU
		{AEC6AD34-C07F-4BFB-B728-404E7E7E201F}.Debug|x86.ActiveCfg = Debug|Any CPU
		{AEC6AD34-C07F-4BFB-B728-404E7E7E201F}.Debug|x86.Build.0 = Debug|Any CPU
		{AEC6AD34-C07F-4BFB-B728-404E7E7E201F}.Release|Any CPU.ActiveCfg = Release|Any CPU
		{AEC6AD34-C07F-4BFB-B728-404E7E7E201F}.Release|Any CPU.Build.0 = Release|Any CPU
		{AEC6AD34-C07F-4BFB-B728-404E7E7E201F}.Release|x64.ActiveCfg = Release|Any CPU
		{AEC6AD34-C07F-4BFB-B728-404E7E7E201F}.Release|x64.Build.0 = Release|Any CPU
		{AEC6AD34-C07F-4BFB-B728-404E7E7E201F}.Release|x86.ActiveCfg = Release|Any CPU
		{AEC6AD34-C07F-4BFB-B728-404E7E7E201F}.Release|x86.Build.0 = Release|Any CPU
	EndGlobalSection
	GlobalSection(SolutionProperties) = preSolution
		HideSolutionNode = FALSE
	EndGlobalSection
	GlobalSection(NestedProjects) = preSolution
		{1F80165F-C6F8-431A-AF55-CE73D855DE14} = {02EA681E-C7D8-13C7-8484-4AC65E1B71E8}
		{A96FCD34-18AE-456A-B80F-D20D1796BB4F} = {1F80165F-C6F8-431A-AF55-CE73D855DE14}
		{4F6615EA-D359-4F0F-B34D-31CADC3E57D4} = {02EA681E-C7D8-13C7-8484-4AC65E1B71E8}
		{F7A9E13A-B1CE-4457-89A9-252AFC16C114} = {4F6615EA-D359-4F0F-B34D-31CADC3E57D4}
		{A9C7B12C-94F2-4D3F-B4AD-55C7AA39E867} = {02EA681E-C7D8-13C7-8484-4AC65E1B71E8}
		{E769BB5C-0122-291F-CFB1-A5E9E7C45272} = {4EEB3C1E-D0C7-4DFE-BAE7-E375D7F7148F}
		{1FF025CA-887C-FA0D-8972-77873FCD544E} = {4EEB3C1E-D0C7-4DFE-BAE7-E375D7F7148F}
		{A2F8A507-E376-CDD9-7D03-C48725376657} = {BFD9B4ED-F2AA-4593-9A51-BC1900A188B5}
		{2D5B373C-5C5E-2D1B-EF22-1F8B4078B001} = {1859208B-CD7B-44CD-8731-778788FE3672}
		{4EEB3C1E-D0C7-4DFE-BAE7-E375D7F7148F} = {A9C7B12C-94F2-4D3F-B4AD-55C7AA39E867}
		{BFD9B4ED-F2AA-4593-9A51-BC1900A188B5} = {A9C7B12C-94F2-4D3F-B4AD-55C7AA39E867}
		{1859208B-CD7B-44CD-8731-778788FE3672} = {A9C7B12C-94F2-4D3F-B4AD-55C7AA39E867}
		{EA14094F-FB55-5ABC-1402-B4229C4AD0B1} = {899F51BF-04EB-4FC3-8474-16357FAC443C}
		{5AD08D69-3650-4941-BFA6-24F185D39376} = {899F51BF-04EB-4FC3-8474-16357FAC443C}
		{B36F9B2E-4762-4344-A354-7322EA36E5C6} = {02EA681E-C7D8-13C7-8484-4AC65E1B71E8}
		{B3FC58A8-C71F-48BF-8421-96B128374439} = {B36F9B2E-4762-4344-A354-7322EA36E5C6}
		{5B28D41A-7952-4A97-A3A5-636ACA25AF93} = {B36F9B2E-4762-4344-A354-7322EA36E5C6}
		{66FD8CC0-E921-4DA7-8B0B-516BAC5F960F} = {B36F9B2E-4762-4344-A354-7322EA36E5C6}
		{42C21103-A989-4455-BBEB-8FF70D9381CD} = {B36F9B2E-4762-4344-A354-7322EA36E5C6}
		{ECE2BEF3-FBF0-4570-B1C7-57E38D804805} = {B36F9B2E-4762-4344-A354-7322EA36E5C6}
		{3D4C01DA-606F-40C9-B53E-8D0435B99F1E} = {02EA681E-C7D8-13C7-8484-4AC65E1B71E8}
		{D1D7684D-35AA-41B2-A4BF-C6BB3A466B16} = {3D4C01DA-606F-40C9-B53E-8D0435B99F1E}
		{AEC6AD34-C07F-4BFB-B728-404E7E7E201F} = {FA52313D-6D85-490F-A7C0-7BB9FE8D35E0}
	EndGlobalSection
	GlobalSection(ExtensibilityGlobals) = postSolution
		SolutionGuid = {E610E7B5-C093-4A97-A8C6-02DAA0CAD9DC}
	EndGlobalSection
EndGlobal
